
Microsoft Visual Studio Solution File, Format Version 12.00
# Visual Studio Version 17
VisualStudioVersion = 17.9.34701.34
MinimumVisualStudioVersion = 10.0.40219.1
Project("{FAE04EC0-301F-11D3-BF4B-00C04F79EFBC}") = "Travela.WebApi", "Travela.WebApi\Travela.WebApi.csproj", "{5BA69725-9982-4259-843F-426238D02815}"
EndProject
Project("{FAE04EC0-301F-11D3-BF4B-00C04F79EFBC}") = "Travela.EntityLayer", "Travela.EntityLayer\Travela.EntityLayer.csproj", "{F3E1083C-AD61-4E9E-90BC-C1D36BF724DE}"
EndProject
Project("{FAE04EC0-301F-11D3-BF4B-00C04F79EFBC}") = "Travela.DataAccessLayer", "Travela.DataAccessLayer\Travela.DataAccessLayer.csproj", "{5350C7C6-BAE3-4C34-85DC-C4EDD09EED25}"
EndProject
Project("{FAE04EC0-301F-11D3-BF4B-00C04F79EFBC}") = "Travela.BusinessLayer", "Travela.BusinessLayer\Travela.BusinessLayer.csproj", "{76007282-1A23-4F50-B5FD-1BE174A626AF}"
EndProject
Global
	GlobalSection(SolutionConfigurationPlatforms) = preSolution
		Debug|Any CPU = Debug|Any CPU
		Release|Any CPU = Release|Any CPU
	EndGlobalSection
	GlobalSection(ProjectConfigurationPlatforms) = postSolution
		{5BA69725-9982-4259-843F-426238D02815}.Debug|Any CPU.ActiveCfg = Debug|Any CPU
		{5BA69725-9982-4259-843F-426238D02815}.Debug|Any CPU.Build.0 = Debug|Any CPU
		{5BA69725-9982-4259-843F-426238D02815}.Release|Any CPU.ActiveCfg = Release|Any CPU
		{5BA69725-9982-4259-843F-426238D02815}.Release|Any CPU.Build.0 = Release|Any CPU
		{F3E1083C-AD61-4E9E-90BC-C1D36BF724DE}.Debug|Any CPU.ActiveCfg = Debug|Any CPU
		{F3E1083C-AD61-4E9E-90BC-C1D36BF724DE}.Debug|Any CPU.Build.0 = Debug|Any CPU
		{F3E1083C-AD61-4E9E-90BC-C1D36BF724DE}.Release|Any CPU.ActiveCfg = Release|Any CPU
		{F3E1083C-AD61-4E9E-90BC-C1D36BF724DE}.Release|Any CPU.Build.0 = Release|Any CPU
		{5350C7C6-BAE3-4C34-85DC-C4EDD09EED25}.Debug|Any CPU.ActiveCfg = Debug|Any CPU
		{5350C7C6-BAE3-4C34-85DC-C4EDD09EED25}.Debug|Any CPU.Build.0 = Debug|Any CPU
		{5350C7C6-BAE3-4C34-85DC-C4EDD09EED25}.Release|Any CPU.ActiveCfg = Release|Any CPU
		{5350C7C6-BAE3-4C34-85DC-C4EDD09EED25}.Release|Any CPU.Build.0 = Release|Any CPU
		{76007282-1A23-4F50-B5FD-1BE174A626AF}.Debug|Any CPU.ActiveCfg = Debug|Any CPU
		{76007282-1A23-4F50-B5FD-1BE174A626AF}.Debug|Any CPU.Build.0 = Debug|Any CPU
		{76007282-1A23-4F50-B5FD-1BE174A626AF}.Release|Any CPU.ActiveCfg = Release|Any CPU
		{76007282-1A23-4F50-B5FD-1BE174A626AF}.Release|Any CPU.Build.0 = Release|Any CPU
	EndGlobalSection
	GlobalSection(SolutionProperties) = preSolution
		HideSolutionNode = FALSE
	EndGlobalSection
	GlobalSection(ExtensibilityGlobals) = postSolution
		SolutionGuid = {6AD2BD1A-89A6-4362-932E-11DF007D72A2}
	EndGlobalSection
EndGlobal
